<?xml version="1.0" encoding="utf-8"?>
<Project ToolsVersion="4.0" xmlns="http://schemas.microsoft.com/developer/msbuild/2003">
  <ItemGroup>
    <FxCompile Include="Resources\Shaders\Object3d.PS.hlsl" />
    <FxCompile Include="Resources\Shaders\Object3d.VS.hlsl" />
  </ItemGroup>
  <ItemGroup>
    <ClCompile Include="application\characters\enemy\Enemy.cpp" />
    <ClCompile Include="CameraManager.cpp" />
    <ClCompile Include="engine\scene\AbstractSceneFactory.cpp" />
    <ClCompile Include="engine\scene\BaseScene.cpp" />
    <ClCompile Include="engine\camera\Camera.cpp" />
    <ClCompile Include="engine\audio\Audio.cpp" />
    <ClCompile Include="engine\base\D3DResourceLeakChecker.cpp" />
    <ClCompile Include="engine\base\DirectXCommon.cpp" />
    <ClCompile Include="engine\input\Input.cpp" />
    <ClCompile Include="engine\base\Logger.cpp" />
    <ClCompile Include="engine\base\ImGuiManager.cpp" />
    <ClCompile Include="engine\base\Framework.cpp" />
    <ClCompile Include="engine\scene\Game.cpp" />
    <ClCompile Include="engine\scene\GamePlayScene.cpp" />
    <ClCompile Include="engine\scene\GameClearScene.cpp" />
    <ClCompile Include="engine\scene\GameOverScene.cpp" />
    <ClCompile Include="Field.cpp" />
    <ClCompile Include="main.cpp" />
    <ClCompile Include="engine\3d\Model.cpp" />
    <ClCompile Include="engine\3d\ModelCommon.cpp" />
    <ClCompile Include="engine\base\ModelManager.cpp" />
    <ClCompile Include="engine\math\MyMath.cpp" />
    <ClCompile Include="engine\3d\Object3D.cpp" />
    <ClCompile Include="engine\3d\Object3DCommon.cpp" />
    <ClCompile Include="engine\math\RenderingPipeline.cpp" />
    <ClCompile Include="engine\2d\Sprite.cpp" />
    <ClCompile Include="engine\2d\SpriteCommon.cpp" />
    <ClCompile Include="engine\base\StringUtility.cpp" />
    <ClCompile Include="engine\base\TextureManager.cpp" />
    <ClCompile Include="engine\base\WinApp.cpp" />
    <ClCompile Include="engine\scene\SceneFactory.cpp" />
    <ClCompile Include="engine\scene\SceneManager.cpp" />
    <ClCompile Include="engine\base\SrvManager.cpp" />
    <ClCompile Include="engine\scene\TitleScene.cpp" />
    <ClCompile Include="Player.cpp" />
    <ClCompile Include="application\characters\enemy\EnemyManager.cpp" />
    <ClCompile Include="main.cpp">
      <Filter>ソース ファイル</Filter>
    </ClCompile>
    <ClCompile Include="engine\2d\Sprite.cpp">
      <Filter>ソース ファイル\engin\2d</Filter>
    </ClCompile>
    <ClCompile Include="engine\2d\SpriteCommon.cpp">
      <Filter>ソース ファイル\engin\2d</Filter>
    </ClCompile>
    <ClCompile Include="engine\3d\Object3D.cpp">
      <Filter>ソース ファイル\engin\3d</Filter>
    </ClCompile>
    <ClCompile Include="engine\3d\Object3DCommon.cpp">
      <Filter>ソース ファイル\engin\3d</Filter>
    </ClCompile>
    <ClCompile Include="engine\3d\Model.cpp">
      <Filter>ソース ファイル\engin\3d</Filter>
    </ClCompile>
    <ClCompile Include="engine\3d\ModelCommon.cpp">
      <Filter>ソース ファイル\engin\3d</Filter>
    </ClCompile>
    <ClCompile Include="engine\base\D3DResourceLeakChecker.cpp">
      <Filter>ソース ファイル\engin\base</Filter>
    </ClCompile>
    <ClCompile Include="engine\base\DirectXCommon.cpp">
      <Filter>ソース ファイル\engin\base</Filter>
    </ClCompile>
    <ClCompile Include="engine\base\Logger.cpp">
      <Filter>ソース ファイル\engin\base</Filter>
    </ClCompile>
    <ClCompile Include="engine\base\ModelManager.cpp">
      <Filter>ソース ファイル\engin\base</Filter>
    </ClCompile>
    <ClCompile Include="engine\base\TextureManager.cpp">
      <Filter>ソース ファイル\engin\base</Filter>
    </ClCompile>
    <ClCompile Include="engine\input\Input.cpp">
      <Filter>ソース ファイル\engin\input</Filter>
    </ClCompile>
    <ClCompile Include="engine\math\MyMath.cpp">
      <Filter>ソース ファイル\engin\math</Filter>
    </ClCompile>
    <ClCompile Include="engine\math\RenderingPipeline.cpp">
      <Filter>ソース ファイル\engin\math</Filter>
    </ClCompile>
    <ClCompile Include="engine\base\StringUtility.cpp">
      <Filter>ソース ファイル\engin\base</Filter>
    </ClCompile>
    <ClCompile Include="engine\base\WinApp.cpp">
      <Filter>ソース ファイル\engin\base</Filter>
    </ClCompile>
    <ClCompile Include="engine\base\ImGuiManager.cpp">
      <Filter>ソース ファイル</Filter>
    </ClCompile>
    <ClCompile Include="engine\audio\Audio.cpp">
      <Filter>ソース ファイル</Filter>
    </ClCompile>
    <ClCompile Include="engine\camera\Camera.cpp">
      <Filter>ソース ファイル</Filter>
    </ClCompile>
    <ClCompile Include="engine\base\SrvManager.cpp">
      <Filter>ソース ファイル</Filter>
    </ClCompile>
    <ClCompile Include="engine\scene\Game.cpp">
      <Filter>ソース ファイル</Filter>
    </ClCompile>
    <ClCompile Include="engine\base\Framework.cpp">
      <Filter>ソース ファイル</Filter>
    </ClCompile>
    <ClCompile Include="engine\scene\GamePlayScene.cpp">
      <Filter>ソース ファイル</Filter>
    </ClCompile>
    <ClCompile Include="engine\scene\TitleScene.cpp">
      <Filter>ソース ファイル</Filter>
    </ClCompile>
    <ClCompile Include="engine\scene\BaseScene.cpp">
      <Filter>ソース ファイル</Filter>
    </ClCompile>
    <ClCompile Include="engine\scene\SceneManager.cpp">
      <Filter>ソース ファイル</Filter>
    </ClCompile>
    <ClCompile Include="engine\scene\AbstractSceneFactory.cpp">
      <Filter>ソース ファイル</Filter>
    </ClCompile>
    <ClCompile Include="engine\scene\SceneFactory.cpp">
      <Filter>ソース ファイル</Filter>
    </ClCompile>
    <ClCompile Include="engine\scene\GameClearScene.cpp">
      <Filter>ソース ファイル</Filter>
    </ClCompile>
    <ClCompile Include="engine\scene\GameOverScene.cpp">
      <Filter>ソース ファイル</Filter>
    </ClCompile>
 <ClCompile Include="Player.cpp">

    <ClCompile Include="CameraManager.cpp">

      <Filter>ソース ファイル</Filter>
    </ClCompile>

    <ClCompile Include="Field.cpp">

    <ClCompile Include="application\characters\Enemy.cpp">

      <Filter>ソース ファイル</Filter>
    </ClCompile>
  </ItemGroup>
  <ItemGroup>
    <ClInclude Include="application\characters\enemy\Enemy.h" />
    <ClInclude Include="CameraManager.h" />
    <ClInclude Include="engine\scene\AbstractSceneFactory.h" />
    <ClInclude Include="engine\scene\BaseScene.h" />
    <ClInclude Include="engine\camera\Camera.h" />
    <ClInclude Include="engine\audio\Audio.h" />
    <ClInclude Include="engine\base\D3DResourceLeakChecker.h" />
    <ClInclude Include="engine\base\DirectXCommon.h" />
    <ClInclude Include="engine\input\Input.h" />
    <ClInclude Include="engine\base\Logger.h" />
    <ClInclude Include="engine\math\Matrix3x3.h" />
    <ClInclude Include="engine\math\Matrix4x4.h" />
    <ClInclude Include="engine\3d\Model.h" />
    <ClInclude Include="engine\3d\ModelCommon.h" />
    <ClInclude Include="engine\base\ModelManager.h" />
    <ClInclude Include="engine\math\MyMath.h" />
    <ClInclude Include="engine\3d\Object3D.h" />
    <ClInclude Include="engine\3d\Object3DCommon.h" />
    <ClInclude Include="engine\math\RenderingData.h" />
    <ClInclude Include="engine\math\RenderingPipeline.h" />
    <ClInclude Include="engine\2d\Sprite.h" />
    <ClInclude Include="engine\2d\SpriteCommon.h" />
    <ClInclude Include="engine\base\StringUtility.h" />
    <ClInclude Include="engine\base\TextureManager.h" />
    <ClInclude Include="engine\math\Vector2.h" />
    <ClInclude Include="engine\math\Vector3.h" />
    <ClInclude Include="engine\math\Vector4.h" />
    <ClInclude Include="engine\base\WinApp.h" />
    <ClInclude Include="engine\base\ImGuiManager.h" />
    <ClInclude Include="engine\base\Framework.h" />
    <ClInclude Include="engine\scene\Game.h" />
    <ClInclude Include="engine\scene\GamePlayScene.h" />
    <ClInclude Include="engine\scene\SceneFactory.h" />
    <ClInclude Include="engine\scene\SceneManager.h" />
    <ClInclude Include="engine\base\SrvManager.h" />
    <ClInclude Include="engine\scene\TitleScene.h" />
    <ClInclude Include="engine\scene\GameClearScene.h" />
    <ClInclude Include="engine\scene\GameOverScene.h" />
    <ClInclude Include="Player.h" />
    <ClInclude Include="Field.h" />
    <ClInclude Include="application\characters\enemy\EnemyManager.h" />
  </ItemGroup>
  <ItemGroup>
    <None Include="Resources\Shaders\Object3d.hlsli" />
    <ClInclude Include="engine\2d\Sprite.h">
      <Filter>ヘッダー ファイル\engin\2d</Filter>
    </ClInclude>
    <ClInclude Include="engine\2d\SpriteCommon.h">
      <Filter>ヘッダー ファイル\engin\2d</Filter>
    </ClInclude>
    <ClInclude Include="engine\3d\Model.h">
      <Filter>ヘッダー ファイル\engin\3d</Filter>
    </ClInclude>
    <ClInclude Include="engine\3d\ModelCommon.h">
      <Filter>ヘッダー ファイル\engin\3d</Filter>
    </ClInclude>
    <ClInclude Include="engine\3d\Object3D.h">
      <Filter>ヘッダー ファイル\engin\3d</Filter>
    </ClInclude>
    <ClInclude Include="engine\3d\Object3DCommon.h">
      <Filter>ヘッダー ファイル\engin\3d</Filter>
    </ClInclude>
    <ClInclude Include="engine\base\D3DResourceLeakChecker.h">
      <Filter>ヘッダー ファイル\engin\base</Filter>
    </ClInclude>
    <ClInclude Include="engine\base\DirectXCommon.h">
      <Filter>ヘッダー ファイル\engin\base</Filter>
    </ClInclude>
    <ClInclude Include="engine\base\Logger.h">
      <Filter>ヘッダー ファイル\engin\base</Filter>
    </ClInclude>
    <ClInclude Include="engine\base\ModelManager.h">
      <Filter>ヘッダー ファイル\engin\base</Filter>
    </ClInclude>
    <ClInclude Include="engine\base\StringUtility.h">
      <Filter>ヘッダー ファイル\engin\base</Filter>
    </ClInclude>
    <ClInclude Include="engine\base\TextureManager.h">
      <Filter>ヘッダー ファイル\engin\base</Filter>
    </ClInclude>
    <ClInclude Include="engine\base\WinApp.h">
      <Filter>ヘッダー ファイル\engin\base</Filter>
    </ClInclude>
    <ClInclude Include="engine\math\Vector2.h">
      <Filter>ヘッダー ファイル\engin\math</Filter>
    </ClInclude>
    <ClInclude Include="engine\math\Vector4.h">
      <Filter>ヘッダー ファイル\engin\math</Filter>
    </ClInclude>
    <ClInclude Include="engine\math\Vector3.h">
      <Filter>ヘッダー ファイル\engin\math</Filter>
    </ClInclude>
    <ClInclude Include="engine\math\RenderingPipeline.h">
      <Filter>ヘッダー ファイル\engin\math</Filter>
    </ClInclude>
    <ClInclude Include="engine\math\MyMath.h">
      <Filter>ヘッダー ファイル\engin\math</Filter>
    </ClInclude>
    <ClInclude Include="engine\math\Matrix3x3.h">
      <Filter>ヘッダー ファイル\engin\math</Filter>
    </ClInclude>
    <ClInclude Include="engine\input\Input.h">
      <Filter>ヘッダー ファイル\engin\input</Filter>
    </ClInclude>
    <ClInclude Include="engine\math\Matrix4x4.h">
      <Filter>ヘッダー ファイル\engin\math</Filter>
    </ClInclude>
    <ClInclude Include="engine\math\RenderingData.h">
      <Filter>ヘッダー ファイル\engin\math</Filter>
    </ClInclude>
    <ClInclude Include="engine\base\ImGuiManager.h">
      <Filter>ヘッダー ファイル</Filter>
    </ClInclude>
    <ClInclude Include="engine\audio\Audio.h">
      <Filter>ヘッダー ファイル</Filter>
    </ClInclude>
    <ClInclude Include="engine\camera\Camera.h">
      <Filter>ヘッダー ファイル</Filter>
    </ClInclude>
    <ClInclude Include="engine\base\SrvManager.h">
      <Filter>ヘッダー ファイル</Filter>
    </ClInclude>
    <ClInclude Include="engine\scene\Game.h">
      <Filter>ヘッダー ファイル</Filter>
    </ClInclude>
    <ClInclude Include="engine\base\Framework.h">
      <Filter>ヘッダー ファイル</Filter>
    </ClInclude>
    <ClInclude Include="engine\scene\GamePlayScene.h">
      <Filter>ヘッダー ファイル</Filter>
    </ClInclude>
    <ClInclude Include="engine\scene\TitleScene.h">
      <Filter>ヘッダー ファイル</Filter>
    </ClInclude>
    <ClInclude Include="engine\scene\BaseScene.h">
      <Filter>ヘッダー ファイル</Filter>
    </ClInclude>
    <ClInclude Include="engine\scene\SceneManager.h">
      <Filter>ヘッダー ファイル</Filter>
    </ClInclude>
    <ClInclude Include="engine\scene\AbstractSceneFactory.h">
      <Filter>ヘッダー ファイル</Filter>
    </ClInclude>
    <ClInclude Include="engine\scene\SceneFactory.h">
      <Filter>ヘッダー ファイル</Filter>
    </ClInclude>
    <ClInclude Include="engine\scene\GameClearScene.h">
      <Filter>ヘッダー ファイル</Filter>
    </ClInclude>
    <ClInclude Include="engine\scene\GameOverScene.h">
      <Filter>ヘッダー ファイル</Filter>
    </ClInclude>

    <ClInclude Include="Player.h">

    <ClInclude Include="CameraManager.h">

      <Filter>ヘッダー ファイル</Filter>
    </ClInclude>

    <ClInclude Include="Field.h">

    <ClInclude Include="application\characters\Enemy.h">

      <Filter>ヘッダー ファイル</Filter>
    </ClInclude>
  </ItemGroup>
  <ItemGroup>
    <None Include="Resources\Shaders\Object3d.hlsli">
      <Filter>shader</Filter>
    </None>

  </ItemGroup>
</Project>