<?xml version="1.0" encoding="utf-8"?>
<Project ToolsVersion="4.0" xmlns="http://schemas.microsoft.com/developer/msbuild/2003">
  <ItemGroup>
    <FxCompile Include="Resources\Shaders\Object3d.PS.hlsl" />
    <FxCompile Include="Resources\Shaders\Object3d.VS.hlsl" />
  </ItemGroup>
  <ItemGroup>
    <ClCompile Include="application\characters\Enemy.cpp" />
    <ClCompile Include="CameraManager.cpp" />
    <ClCompile Include="engine\scene\AbstractSceneFactory.cpp" />
    <ClCompile Include="engine\scene\BaseScene.cpp" />
    <ClCompile Include="engine\camera\Camera.cpp" />
    <ClCompile Include="engine\audio\Audio.cpp" />
    <ClCompile Include="engine\base\D3DResourceLeakChecker.cpp" />
    <ClCompile Include="engine\base\DirectXCommon.cpp" />
    <ClCompile Include="engine\input\Input.cpp" />
    <ClCompile Include="engine\base\Logger.cpp" />
    <ClCompile Include="engine\base\ImGuiManager.cpp" />
    <ClCompile Include="engine\base\Framework.cpp" />
    <ClCompile Include="engine\scene\Game.cpp" />
    <ClCompile Include="engine\scene\GamePlayScene.cpp" />
    <ClCompile Include="engine\scene\GameClearScene.cpp" />
    <ClCompile Include="engine\scene\GameOverScene.cpp" />
    <ClCompile Include="application\objects\Field.cpp" />
    <ClCompile Include="main.cpp" />
    <ClCompile Include="engine\3d\Model.cpp" />
    <ClCompile Include="engine\3d\ModelCommon.cpp" />
    <ClCompile Include="engine\base\ModelManager.cpp" />
    <ClCompile Include="engine\math\MyMath.cpp" />
    <ClCompile Include="engine\3d\Object3D.cpp" />
    <ClCompile Include="engine\3d\Object3DCommon.cpp" />
    <ClCompile Include="engine\math\RenderingPipeline.cpp" />
    <ClCompile Include="engine\2d\Sprite.cpp" />
    <ClCompile Include="engine\2d\SpriteCommon.cpp" />
    <ClCompile Include="engine\base\StringUtility.cpp" />
    <ClCompile Include="engine\base\TextureManager.cpp" />
    <ClCompile Include="engine\base\WinApp.cpp" />
    <ClCompile Include="engine\scene\SceneFactory.cpp" />
    <ClCompile Include="engine\scene\SceneManager.cpp" />
    <ClCompile Include="engine\base\SrvManager.cpp" />
    <ClCompile Include="engine\scene\TitleScene.cpp" />
    <ClCompile Include="application\characters\Player.cpp" />
    <ClCompile Include="application\turn\BaseTurnState.cpp" />
    <ClCompile Include="application\turn\PlayerTurn.cpp" />
    <ClCompile Include="application\turn\EnemyTurn.cpp" />
  </ItemGroup>
  <ItemGroup>
    <ClInclude Include="application\characters\Enemy.h" />
    <ClInclude Include="CameraManager.h" />
    <ClInclude Include="engine\scene\AbstractSceneFactory.h" />
    <ClInclude Include="engine\scene\BaseScene.h" />
    <ClInclude Include="engine\camera\Camera.h" />
    <ClInclude Include="engine\audio\Audio.h" />
    <ClInclude Include="engine\base\D3DResourceLeakChecker.h" />
    <ClInclude Include="engine\base\DirectXCommon.h" />
    <ClInclude Include="engine\input\Input.h" />
    <ClInclude Include="engine\base\Logger.h" />
    <ClInclude Include="engine\math\Matrix3x3.h" />
    <ClInclude Include="engine\math\Matrix4x4.h" />
    <ClInclude Include="engine\3d\Model.h" />
    <ClInclude Include="engine\3d\ModelCommon.h" />
    <ClInclude Include="engine\base\ModelManager.h" />
    <ClInclude Include="engine\math\MyMath.h" />
    <ClInclude Include="engine\3d\Object3D.h" />
    <ClInclude Include="engine\3d\Object3DCommon.h" />
    <ClInclude Include="engine\math\RenderingData.h" />
    <ClInclude Include="engine\math\RenderingPipeline.h" />
    <ClInclude Include="engine\2d\Sprite.h" />
    <ClInclude Include="engine\2d\SpriteCommon.h" />
    <ClInclude Include="engine\base\StringUtility.h" />
    <ClInclude Include="engine\base\TextureManager.h" />
    <ClInclude Include="engine\math\Vector2.h" />
    <ClInclude Include="engine\math\Vector3.h" />
    <ClInclude Include="engine\math\Vector4.h" />
    <ClInclude Include="engine\base\WinApp.h" />
    <ClInclude Include="engine\base\ImGuiManager.h" />
    <ClInclude Include="engine\base\Framework.h" />
    <ClInclude Include="engine\scene\Game.h" />
    <ClInclude Include="engine\scene\GamePlayScene.h" />
    <ClInclude Include="engine\scene\SceneFactory.h" />
    <ClInclude Include="engine\scene\SceneManager.h" />
    <ClInclude Include="engine\base\SrvManager.h" />
    <ClInclude Include="engine\scene\TitleScene.h" />
    <ClInclude Include="engine\scene\GameClearScene.h" />
    <ClInclude Include="engine\scene\GameOverScene.h" />
    <ClInclude Include="application\characters\Player.h" />
    <ClInclude Include="application\objects\Field.h" />
    <ClInclude Include="application\turn\BaseTurnState.h" />
    <ClInclude Include="application\turn\PlayerTurn.h" />
    <ClInclude Include="application\turn\EnemyTurn.h" />
  </ItemGroup>
  <ItemGroup>
    <None Include="Resources\Shaders\Object3d.hlsli" />
  </ItemGroup>
</Project>